// !$*UTF8*$!
{
	archiveVersion = 1;
	classes = {
	};
	objectVersion = 50;
	objects = {

/* Begin PBXBuildFile section */
		55C567E621466D8900DAEB80 /* AppDelegate.m in Sources */ = {isa = PBXBuildFile; fileRef = 55C567E521466D8900DAEB80 /* AppDelegate.m */; };
		55C567EC21466D8900DAEB80 /* Main.storyboard in Resources */ = {isa = PBXBuildFile; fileRef = 55C567EA21466D8900DAEB80 /* Main.storyboard */; };
		55C567EE21466D8900DAEB80 /* Assets.xcassets in Resources */ = {isa = PBXBuildFile; fileRef = 55C567ED21466D8900DAEB80 /* Assets.xcassets */; };
		55C567F121466D8900DAEB80 /* LaunchScreen.storyboard in Resources */ = {isa = PBXBuildFile; fileRef = 55C567EF21466D8900DAEB80 /* LaunchScreen.storyboard */; };
		55C567F421466D8900DAEB80 /* main.m in Sources */ = {isa = PBXBuildFile; fileRef = 55C567F321466D8900DAEB80 /* main.m */; };
		55C567FE21466D8900DAEB80 /* TestTests.m in Sources */ = {isa = PBXBuildFile; fileRef = 55C567FD21466D8900DAEB80 /* TestTests.m */; };
		55C5680921466D8900DAEB80 /* TestUITests.m in Sources */ = {isa = PBXBuildFile; fileRef = 55C5680821466D8900DAEB80 /* TestUITests.m */; };
		55C5683221466E3500DAEB80 /* ViewController.m in Sources */ = {isa = PBXBuildFile; fileRef = 55C5682421466E3500DAEB80 /* ViewController.m */; };
		55C5683321466E3500DAEB80 /* LICENSE in Resources */ = {isa = PBXBuildFile; fileRef = 55C5682621466E3500DAEB80 /* LICENSE */; };
		55C5683421466E3500DAEB80 /* WebViewJavascriptBridgeBase.m in Sources */ = {isa = PBXBuildFile; fileRef = 55C5682821466E3500DAEB80 /* WebViewJavascriptBridgeBase.m */; };
		55C5683521466E3500DAEB80 /* WKWebViewJavascriptBridge.m in Sources */ = {isa = PBXBuildFile; fileRef = 55C5682921466E3500DAEB80 /* WKWebViewJavascriptBridge.m */; };
		55C5683621466E3500DAEB80 /* WebViewJavascriptBridge.m in Sources */ = {isa = PBXBuildFile; fileRef = 55C5682A21466E3500DAEB80 /* WebViewJavascriptBridge.m */; };
		55C5683721466E3500DAEB80 /* WebViewJavascriptBridge_JS.m in Sources */ = {isa = PBXBuildFile; fileRef = 55C5682D21466E3500DAEB80 /* WebViewJavascriptBridge_JS.m */; };
		55C5683821466E3500DAEB80 /* README.md in Resources */ = {isa = PBXBuildFile; fileRef = 55C5683021466E3500DAEB80 /* README.md */; };
		55C5683921466E3500DAEB80 /* ExampleApp.html in Resources */ = {isa = PBXBuildFile; fileRef = 55C5683121466E3500DAEB80 /* ExampleApp.html */; };
/* End PBXBuildFile section */

/* Begin PBXContainerItemProxy section */
		55C567FA21466D8900DAEB80 /* PBXContainerItemProxy */ = {
			isa = PBXContainerItemProxy;
			containerPortal = 55C567D921466D8800DAEB80 /* Project object */;
			proxyType = 1;
			remoteGlobalIDString = 55C567E021466D8800DAEB80;
			remoteInfo = Test;
		};
		55C5680521466D8900DAEB80 /* PBXContainerItemProxy */ = {
			isa = PBXContainerItemProxy;
			containerPortal = 55C567D921466D8800DAEB80 /* Project object */;
			proxyType = 1;
			remoteGlobalIDString = 55C567E021466D8800DAEB80;
			remoteInfo = Test;
		};
/* End PBXContainerItemProxy section */

/* Begin PBXFileReference section */
		55C567E121466D8800DAEB80 /* Test.app */ = {isa = PBXFileReference; explicitFileType = wrapper.application; includeInIndex = 0; path = Test.app; sourceTree = BUILT_PRODUCTS_DIR; };
		55C567E421466D8900DAEB80 /* AppDelegate.h */ = {isa = PBXFileReference; lastKnownFileType = sourcecode.c.h; path = AppDelegate.h; sourceTree = "<group>"; };
		55C567E521466D8900DAEB80 /* AppDelegate.m */ = {isa = PBXFileReference; lastKnownFileType = sourcecode.c.objc; path = AppDelegate.m; sourceTree = "<group>"; };
		55C567EB21466D8900DAEB80 /* Base */ = {isa = PBXFileReference; lastKnownFileType = file.storyboard; name = Base; path = Base.lproj/Main.storyboard; sourceTree = "<group>"; };
		55C567ED21466D8900DAEB80 /* Assets.xcassets */ = {isa = PBXFileReference; lastKnownFileType = folder.assetcatalog; path = Assets.xcassets; sourceTree = "<group>"; };
		55C567F021466D8900DAEB80 /* Base */ = {isa = PBXFileReference; lastKnownFileType = file.storyboard; name = Base; path = Base.lproj/LaunchScreen.storyboard; sourceTree = "<group>"; };
		55C567F221466D8900DAEB80 /* Info.plist */ = {isa = PBXFileReference; lastKnownFileType = text.plist.xml; path = Info.plist; sourceTree = "<group>"; };
		55C567F321466D8900DAEB80 /* main.m */ = {isa = PBXFileReference; lastKnownFileType = sourcecode.c.objc; path = main.m; sourceTree = "<group>"; };
		55C567F921466D8900DAEB80 /* TestTests.xctest */ = {isa = PBXFileReference; explicitFileType = wrapper.cfbundle; includeInIndex = 0; path = TestTests.xctest; sourceTree = BUILT_PRODUCTS_DIR; };
		55C567FD21466D8900DAEB80 /* TestTests.m */ = {isa = PBXFileReference; lastKnownFileType = sourcecode.c.objc; path = TestTests.m; sourceTree = "<group>"; };
		55C567FF21466D8900DAEB80 /* Info.plist */ = {isa = PBXFileReference; lastKnownFileType = text.plist.xml; path = Info.plist; sourceTree = "<group>"; };
		55C5680421466D8900DAEB80 /* TestUITests.xctest */ = {isa = PBXFileReference; explicitFileType = wrapper.cfbundle; includeInIndex = 0; path = TestUITests.xctest; sourceTree = BUILT_PRODUCTS_DIR; };
		55C5680821466D8900DAEB80 /* TestUITests.m */ = {isa = PBXFileReference; lastKnownFileType = sourcecode.c.objc; path = TestUITests.m; sourceTree = "<group>"; };
		55C5680A21466D8900DAEB80 /* Info.plist */ = {isa = PBXFileReference; lastKnownFileType = text.plist.xml; path = Info.plist; sourceTree = "<group>"; };
		55C5682321466E3400DAEB80 /* ViewController.h */ = {isa = PBXFileReference; fileEncoding = 4; lastKnownFileType = sourcecode.c.h; path = ViewController.h; sourceTree = "<group>"; };
		55C5682421466E3500DAEB80 /* ViewController.m */ = {isa = PBXFileReference; fileEncoding = 4; lastKnownFileType = sourcecode.c.objc; path = ViewController.m; sourceTree = "<group>"; };
		55C5682621466E3500DAEB80 /* LICENSE */ = {isa = PBXFileReference; fileEncoding = 4; lastKnownFileType = text; path = LICENSE; sourceTree = "<group>"; };
		55C5682821466E3500DAEB80 /* WebViewJavascriptBridgeBase.m */ = {isa = PBXFileReference; fileEncoding = 4; lastKnownFileType = sourcecode.c.objc; path = WebViewJavascriptBridgeBase.m; sourceTree = "<group>"; };
		55C5682921466E3500DAEB80 /* WKWebViewJavascriptBridge.m */ = {isa = PBXFileReference; fileEncoding = 4; lastKnownFileType = sourcecode.c.objc; path = WKWebViewJavascriptBridge.m; sourceTree = "<group>"; };
		55C5682A21466E3500DAEB80 /* WebViewJavascriptBridge.m */ = {isa = PBXFileReference; fileEncoding = 4; lastKnownFileType = sourcecode.c.objc; path = WebViewJavascriptBridge.m; sourceTree = "<group>"; };
		55C5682B21466E3500DAEB80 /* WebViewJavascriptBridge_JS.h */ = {isa = PBXFileReference; fileEncoding = 4; lastKnownFileType = sourcecode.c.h; path = WebViewJavascriptBridge_JS.h; sourceTree = "<group>"; };
		55C5682C21466E3500DAEB80 /* WebViewJavascriptBridgeBase.h */ = {isa = PBXFileReference; fileEncoding = 4; lastKnownFileType = sourcecode.c.h; path = WebViewJavascriptBridgeBase.h; sourceTree = "<group>"; };
		55C5682D21466E3500DAEB80 /* WebViewJavascriptBridge_JS.m */ = {isa = PBXFileReference; fileEncoding = 4; lastKnownFileType = sourcecode.c.objc; path = WebViewJavascriptBridge_JS.m; sourceTree = "<group>"; };
		55C5682E21466E3500DAEB80 /* WebViewJavascriptBridge.h */ = {isa = PBXFileReference; fileEncoding = 4; lastKnownFileType = sourcecode.c.h; path = WebViewJavascriptBridge.h; sourceTree = "<group>"; };
		55C5682F21466E3500DAEB80 /* WKWebViewJavascriptBridge.h */ = {isa = PBXFileReference; fileEncoding = 4; lastKnownFileType = sourcecode.c.h; path = WKWebViewJavascriptBridge.h; sourceTree = "<group>"; };
		55C5683021466E3500DAEB80 /* README.md */ = {isa = PBXFileReference; fileEncoding = 4; lastKnownFileType = net.daringfireball.markdown; path = README.md; sourceTree = "<group>"; };
		55C5683121466E3500DAEB80 /* ExampleApp.html */ = {isa = PBXFileReference; fileEncoding = 4; lastKnownFileType = text.html; path = ExampleApp.html; sourceTree = "<group>"; };
/* End PBXFileReference section */

/* Begin PBXFrameworksBuildPhase section */
		55C567DE21466D8800DAEB80 /* Frameworks */ = {
			isa = PBXFrameworksBuildPhase;
			buildActionMask = 2147483647;
			files = (
			);
			runOnlyForDeploymentPostprocessing = 0;
		};
		55C567F621466D8900DAEB80 /* Frameworks */ = {
			isa = PBXFrameworksBuildPhase;
			buildActionMask = 2147483647;
			files = (
			);
			runOnlyForDeploymentPostprocessing = 0;
		};
		55C5680121466D8900DAEB80 /* Frameworks */ = {
			isa = PBXFrameworksBuildPhase;
			buildActionMask = 2147483647;
			files = (
			);
			runOnlyForDeploymentPostprocessing = 0;
		};
/* End PBXFrameworksBuildPhase section */

/* Begin PBXGroup section */
		55C567D821466D8800DAEB80 = {
			isa = PBXGroup;
			children = (
				55C567E321466D8800DAEB80 /* Test */,
				55C567FC21466D8900DAEB80 /* TestTests */,
				55C5680721466D8900DAEB80 /* TestUITests */,
				55C567E221466D8800DAEB80 /* Products */,
			);
			sourceTree = "<group>";
		};
		55C567E221466D8800DAEB80 /* Products */ = {
			isa = PBXGroup;
			children = (
				55C567E121466D8800DAEB80 /* Test.app */,
				55C567F921466D8900DAEB80 /* TestTests.xctest */,
				55C5680421466D8900DAEB80 /* TestUITests.xctest */,
			);
			name = Products;
			sourceTree = "<group>";
		};
		55C567E321466D8800DAEB80 /* Test */ = {
			isa = PBXGroup;
			children = (
				55C5683121466E3500DAEB80 /* ExampleApp.html */,
				55C5682321466E3400DAEB80 /* ViewController.h */,
				55C5682421466E3500DAEB80 /* ViewController.m */,
				55C5682521466E3500DAEB80 /* WebViewJavascriptBridge */,
				55C567E421466D8900DAEB80 /* AppDelegate.h */,
				55C567E521466D8900DAEB80 /* AppDelegate.m */,
				55C567EA21466D8900DAEB80 /* Main.storyboard */,
				55C567ED21466D8900DAEB80 /* Assets.xcassets */,
				55C567EF21466D8900DAEB80 /* LaunchScreen.storyboard */,
				55C567F221466D8900DAEB80 /* Info.plist */,
				55C567F321466D8900DAEB80 /* main.m */,
			);
			path = Test;
			sourceTree = "<group>";
		};
		55C567FC21466D8900DAEB80 /* TestTests */ = {
			isa = PBXGroup;
			children = (
				55C567FD21466D8900DAEB80 /* TestTests.m */,
				55C567FF21466D8900DAEB80 /* Info.plist */,
			);
			path = TestTests;
			sourceTree = "<group>";
		};
		55C5680721466D8900DAEB80 /* TestUITests */ = {
			isa = PBXGroup;
			children = (
				55C5680821466D8900DAEB80 /* TestUITests.m */,
				55C5680A21466D8900DAEB80 /* Info.plist */,
			);
			path = TestUITests;
			sourceTree = "<group>";
		};
		55C5682521466E3500DAEB80 /* WebViewJavascriptBridge */ = {
			isa = PBXGroup;
			children = (
				55C5682621466E3500DAEB80 /* LICENSE */,
				55C5682721466E3500DAEB80 /* WebViewJavascriptBridge */,
				55C5683021466E3500DAEB80 /* README.md */,
			);
			name = WebViewJavascriptBridge;
			path = "../../../../Downloads/TestOC-master/Pods/WebViewJavascriptBridge";
			sourceTree = "<group>";
		};
		55C5682721466E3500DAEB80 /* WebViewJavascriptBridge */ = {
			isa = PBXGroup;
			children = (
				55C5682821466E3500DAEB80 /* WebViewJavascriptBridgeBase.m */,
				55C5682921466E3500DAEB80 /* WKWebViewJavascriptBridge.m */,
				55C5682A21466E3500DAEB80 /* WebViewJavascriptBridge.m */,
				55C5682B21466E3500DAEB80 /* WebViewJavascriptBridge_JS.h */,
				55C5682C21466E3500DAEB80 /* WebViewJavascriptBridgeBase.h */,
				55C5682D21466E3500DAEB80 /* WebViewJavascriptBridge_JS.m */,
				55C5682E21466E3500DAEB80 /* WebViewJavascriptBridge.h */,
				55C5682F21466E3500DAEB80 /* WKWebViewJavascriptBridge.h */,
			);
			path = WebViewJavascriptBridge;
			sourceTree = "<group>";
		};
/* End PBXGroup section */

/* Begin PBXNativeTarget section */
		55C567E021466D8800DAEB80 /* Test */ = {
			isa = PBXNativeTarget;
			buildConfigurationList = 55C5680D21466D8900DAEB80 /* Build configuration list for PBXNativeTarget "Test" */;
			buildPhases = (
				55C567DD21466D8800DAEB80 /* Sources */,
				55C567DE21466D8800DAEB80 /* Frameworks */,
				55C567DF21466D8800DAEB80 /* Resources */,
			);
			buildRules = (
			);
			dependencies = (
			);
			name = Test;
			productName = Test;
			productReference = 55C567E121466D8800DAEB80 /* Test.app */;
			productType = "com.apple.product-type.application";
		};
		55C567F821466D8900DAEB80 /* TestTests */ = {
			isa = PBXNativeTarget;
			buildConfigurationList = 55C5681021466D8900DAEB80 /* Build configuration list for PBXNativeTarget "TestTests" */;
			buildPhases = (
				55C567F521466D8900DAEB80 /* Sources */,
				55C567F621466D8900DAEB80 /* Frameworks */,
				55C567F721466D8900DAEB80 /* Resources */,
			);
			buildRules = (
			);
			dependencies = (
				55C567FB21466D8900DAEB80 /* PBXTargetDependency */,
			);
			name = TestTests;
			productName = TestTests;
			productReference = 55C567F921466D8900DAEB80 /* TestTests.xctest */;
			productType = "com.apple.product-type.bundle.unit-test";
		};
		55C5680321466D8900DAEB80 /* TestUITests */ = {
			isa = PBXNativeTarget;
			buildConfigurationList = 55C5681321466D8900DAEB80 /* Build configuration list for PBXNativeTarget "TestUITests" */;
			buildPhases = (
				55C5680021466D8900DAEB80 /* Sources */,
				55C5680121466D8900DAEB80 /* Frameworks */,
				55C5680221466D8900DAEB80 /* Resources */,
			);
			buildRules = (
			);
			dependencies = (
				55C5680621466D8900DAEB80 /* PBXTargetDependency */,
			);
			name = TestUITests;
			productName = TestUITests;
			productReference = 55C5680421466D8900DAEB80 /* TestUITests.xctest */;
			productType = "com.apple.product-type.bundle.ui-testing";
		};
/* End PBXNativeTarget section */

/* Begin PBXProject section */
		55C567D921466D8800DAEB80 /* Project object */ = {
			isa = PBXProject;
			attributes = {
				LastUpgradeCheck = 0940;
				ORGANIZATIONNAME = cmb;
				TargetAttributes = {
					55C567E021466D8800DAEB80 = {
						CreatedOnToolsVersion = 9.4.1;
					};
					55C567F821466D8900DAEB80 = {
						CreatedOnToolsVersion = 9.4.1;
						TestTargetID = 55C567E021466D8800DAEB80;
					};
					55C5680321466D8900DAEB80 = {
						CreatedOnToolsVersion = 9.4.1;
						TestTargetID = 55C567E021466D8800DAEB80;
					};
				};
			};
			buildConfigurationList = 55C567DC21466D8800DAEB80 /* Build configuration list for PBXProject "Test" */;
			compatibilityVersion = "Xcode 9.3";
			developmentRegion = en;
			hasScannedForEncodings = 0;
			knownRegions = (
				en,
				Base,
			);
			mainGroup = 55C567D821466D8800DAEB80;
			productRefGroup = 55C567E221466D8800DAEB80 /* Products */;
			projectDirPath = "";
			projectRoot = "";
			targets = (
				55C567E021466D8800DAEB80 /* Test */,
				55C567F821466D8900DAEB80 /* TestTests */,
				55C5680321466D8900DAEB80 /* TestUITests */,
			);
		};
/* End PBXProject section */

/* Begin PBXResourcesBuildPhase section */
		55C567DF21466D8800DAEB80 /* Resources */ = {
			isa = PBXResourcesBuildPhase;
			buildActionMask = 2147483647;
			files = (
				55C567F121466D8900DAEB80 /* LaunchScreen.storyboard in Resources */,
				55C567EE21466D8900DAEB80 /* Assets.xcassets in Resources */,
				55C5683821466E3500DAEB80 /* README.md in Resources */,
				55C5683321466E3500DAEB80 /* LICENSE in Resources */,
				55C567EC21466D8900DAEB80 /* Main.storyboard in Resources */,
				55C5683921466E3500DAEB80 /* ExampleApp.html in Resources */,
			);
			runOnlyForDeploymentPostprocessing = 0;
		};
		55C567F721466D8900DAEB80 /* Resources */ = {
			isa = PBXResourcesBuildPhase;
			buildActionMask = 2147483647;
			files = (
			);
			runOnlyForDeploymentPostprocessing = 0;
		};
		55C5680221466D8900DAEB80 /* Resources */ = {
			isa = PBXResourcesBuildPhase;
			buildActionMask = 2147483647;
			files = (
			);
			runOnlyForDeploymentPostprocessing = 0;
		};
/* End PBXResourcesBuildPhase section */

/* Begin PBXSourcesBuildPhase section */
		55C567DD21466D8800DAEB80 /* Sources */ = {
			isa = PBXSourcesBuildPhase;
			buildActionMask = 2147483647;
			files = (
				55C5683521466E3500DAEB80 /* WKWebViewJavascriptBridge.m in Sources */,
				55C5683421466E3500DAEB80 /* WebViewJavascriptBridgeBase.m in Sources */,
				55C5683621466E3500DAEB80 /* WebViewJavascriptBridge.m in Sources */,
				55C5683221466E3500DAEB80 /* ViewController.m in Sources */,
				55C5683721466E3500DAEB80 /* WebViewJavascriptBridge_JS.m in Sources */,
				55C567F421466D8900DAEB80 /* main.m in Sources */,
				55C567E621466D8900DAEB80 /* AppDelegate.m in Sources */,
			);
			runOnlyForDeploymentPostprocessing = 0;
		};
		55C567F521466D8900DAEB80 /* Sources */ = {
			isa = PBXSourcesBuildPhase;
			buildActionMask = 2147483647;
			files = (
				55C567FE21466D8900DAEB80 /* TestTests.m in Sources */,
			);
			runOnlyForDeploymentPostprocessing = 0;
		};
		55C5680021466D8900DAEB80 /* Sources */ = {
			isa = PBXSourcesBuildPhase;
			buildActionMask = 2147483647;
			files = (
				55C5680921466D8900DAEB80 /* TestUITests.m in Sources */,
			);
			runOnlyForDeploymentPostprocessing = 0;
		};
/* End PBXSourcesBuildPhase section */

/* Begin PBXTargetDependency section */
		55C567FB21466D8900DAEB80 /* PBXTargetDependency */ = {
			isa = PBXTargetDependency;
			target = 55C567E021466D8800DAEB80 /* Test */;
			targetProxy = 55C567FA21466D8900DAEB80 /* PBXContainerItemProxy */;
		};
		55C5680621466D8900DAEB80 /* PBXTargetDependency */ = {
			isa = PBXTargetDependency;
			target = 55C567E021466D8800DAEB80 /* Test */;
			targetProxy = 55C5680521466D8900DAEB80 /* PBXContainerItemProxy */;
		};
/* End PBXTargetDependency section */

/* Begin PBXVariantGroup section */
		55C567EA21466D8900DAEB80 /* Main.storyboard */ = {
			isa = PBXVariantGroup;
			children = (
				55C567EB21466D8900DAEB80 /* Base */,
			);
			name = Main.storyboard;
			sourceTree = "<group>";
		};
		55C567EF21466D8900DAEB80 /* LaunchScreen.storyboard */ = {
			isa = PBXVariantGroup;
			children = (
				55C567F021466D8900DAEB80 /* Base */,
			);
			name = LaunchScreen.storyboard;
			sourceTree = "<group>";
		};
/* End PBXVariantGroup section */

/* Begin XCBuildConfiguration section */
		55C5680B21466D8900DAEB80 /* Debug */ = {
			isa = XCBuildConfiguration;
			buildSettings = {
				ALWAYS_SEARCH_USER_PATHS = NO;
				CLANG_ANALYZER_NONNULL = YES;
				CLANG_ANALYZER_NUMBER_OBJECT_CONVERSION = YES_AGGRESSIVE;
				CLANG_CXX_LANGUAGE_STANDARD = "gnu++14";
				CLANG_CXX_LIBRARY = "libc++";
				CLANG_ENABLE_MODULES = YES;
				CLANG_ENABLE_OBJC_ARC = YES;
				CLANG_ENABLE_OBJC_WEAK = YES;
				CLANG_WARN_BLOCK_CAPTURE_AUTORELEASING = YES;
				CLANG_WARN_BOOL_CONVERSION = YES;
				CLANG_WARN_COMMA = YES;
				CLANG_WARN_CONSTANT_CONVERSION = YES;
				CLANG_WARN_DEPRECATED_OBJC_IMPLEMENTATIONS = YES;
				CLANG_WARN_DIRECT_OBJC_ISA_USAGE = YES_ERROR;
				CLANG_WARN_DOCUMENTATION_COMMENTS = YES;
				CLANG_WARN_EMPTY_BODY = YES;
				CLANG_WARN_ENUM_CONVERSION = YES;
				CLANG_WARN_INFINITE_RECURSION = YES;
				CLANG_WARN_INT_CONVERSION = YES;
				CLANG_WARN_NON_LITERAL_NULL_CONVERSION = YES;
				CLANG_WARN_OBJC_IMPLICIT_RETAIN_SELF = YES;
				CLANG_WARN_OBJC_LITERAL_CONVERSION = YES;
				CLANG_WARN_OBJC_ROOT_CLASS = YES_ERROR;
				CLANG_WARN_RANGE_LOOP_ANALYSIS = YES;
				CLANG_WARN_STRICT_PROTOTYPES = YES;
				CLANG_WARN_SUSPICIOUS_MOVE = YES;
				CLANG_WARN_UNGUARDED_AVAILABILITY = YES_AGGRESSIVE;
				CLANG_WARN_UNREACHABLE_CODE = YES;
				CLANG_WARN__DUPLICATE_METHOD_MATCH = YES;
				CODE_SIGN_IDENTITY = "iPhone Developer";
				COPY_PHASE_STRIP = NO;
				DEBUG_INFORMATION_FORMAT = dwarf;
				ENABLE_STRICT_OBJC_MSGSEND = YES;
				ENABLE_TESTABILITY = YES;
				GCC_C_LANGUAGE_STANDARD = gnu11;
				GCC_DYNAMIC_NO_PIC = NO;
				GCC_NO_COMMON_BLOCKS = YES;
				GCC_OPTIMIZATION_LEVEL = 0;
				GCC_PREPROCESSOR_DEFINITIONS = (
					"DEBUG=1",
					"$(inherited)",
				);
				GCC_WARN_64_TO_32_BIT_CONVERSION = YES;
				GCC_WARN_ABOUT_RETURN_TYPE = YES_ERROR;
				GCC_WARN_UNDECLARED_SELECTOR = YES;
				GCC_WARN_UNINITIALIZED_AUTOS = YES_AGGRESSIVE;
				GCC_WARN_UNUSED_FUNCTION = YES;
				GCC_WARN_UNUSED_VARIABLE = YES;
				IPHONEOS_DEPLOYMENT_TARGET = 11.4;
				MTL_ENABLE_DEBUG_INFO = YES;
				ONLY_ACTIVE_ARCH = YES;
				SDKROOT = iphoneos;
			};
			name = Debug;
		};
		55C5680C21466D8900DAEB80 /* Release */ = {
			isa = XCBuildConfiguration;
			buildSettings = {
				ALWAYS_SEARCH_USER_PATHS = NO;
				CLANG_ANALYZER_NONNULL = YES;
				CLANG_ANALYZER_NUMBER_OBJECT_CONVERSION = YES_AGGRESSIVE;
				CLANG_CXX_LANGUAGE_STANDARD = "gnu++14";
				CLANG_CXX_LIBRARY = "libc++";
				CLANG_ENABLE_MODULES = YES;
				CLANG_ENABLE_OBJC_ARC = YES;
				CLANG_ENABLE_OBJC_WEAK = YES;
				CLANG_WARN_BLOCK_CAPTURE_AUTORELEASING = YES;
				CLANG_WARN_BOOL_CONVERSION = YES;
				CLANG_WARN_COMMA = YES;
				CLANG_WARN_CONSTANT_CONVERSION = YES;
				CLANG_WARN_DEPRECATED_OBJC_IMPLEMENTATIONS = YES;
				CLANG_WARN_DIRECT_OBJC_ISA_USAGE = YES_ERROR;
				CLANG_WARN_DOCUMENTATION_COMMENTS = YES;
				CLANG_WARN_EMPTY_BODY = YES;
				CLANG_WARN_ENUM_CONVERSION = YES;
				CLANG_WARN_INFINITE_RECURSION = YES;
				CLANG_WARN_INT_CONVERSION = YES;
				CLANG_WARN_NON_LITERAL_NULL_CONVERSION = YES;
				CLANG_WARN_OBJC_IMPLICIT_RETAIN_SELF = YES;
				CLANG_WARN_OBJC_LITERAL_CONVERSION = YES;
				CLANG_WARN_OBJC_ROOT_CLASS = YES_ERROR;
				CLANG_WARN_RANGE_LOOP_ANALYSIS = YES;
				CLANG_WARN_STRICT_PROTOTYPES = YES;
				CLANG_WARN_SUSPICIOUS_MOVE = YES;
				CLANG_WARN_UNGUARDED_AVAILABILITY = YES_AGGRESSIVE;
				CLANG_WARN_UNREACHABLE_CODE = YES;
				CLANG_WARN__DUPLICATE_METHOD_MATCH = YES;
				CODE_SIGN_IDENTITY = "iPhone Developer";
				COPY_PHASE_STRIP = NO;
				DEBUG_INFORMATION_FORMAT = "dwarf-with-dsym";
				ENABLE_NS_ASSERTIONS = NO;
				ENABLE_STRICT_OBJC_MSGSEND = YES;
				GCC_C_LANGUAGE_STANDARD = gnu11;
				GCC_NO_COMMON_BLOCKS = YES;
				GCC_WARN_64_TO_32_BIT_CONVERSION = YES;
				GCC_WARN_ABOUT_RETURN_TYPE = YES_ERROR;
				GCC_WARN_UNDECLARED_SELECTOR = YES;
				GCC_WARN_UNINITIALIZED_AUTOS = YES_AGGRESSIVE;
				GCC_WARN_UNUSED_FUNCTION = YES;
				GCC_WARN_UNUSED_VARIABLE = YES;
				IPHONEOS_DEPLOYMENT_TARGET = 11.4;
				MTL_ENABLE_DEBUG_INFO = NO;
				SDKROOT = iphoneos;
				VALIDATE_PRODUCT = YES;
			};
			name = Release;
		};
		55C5680E21466D8900DAEB80 /* Debug */ = {
			isa = XCBuildConfiguration;
			buildSettings = {
				ASSETCATALOG_COMPILER_APPICON_NAME = AppIcon;
				CODE_SIGN_STYLE = Automatic;
				DEVELOPMENT_TEAM = QYPBX3MSBY;
				INFOPLIST_FILE = Test/Info.plist;
				IPHONEOS_DEPLOYMENT_TARGET = 11.0;
				LD_RUNPATH_SEARCH_PATHS = (
					"$(inherited)",
					"@executable_path/Frameworks",
				);
				PRODUCT_BUNDLE_IDENTIFIER = cmb2.Test2;
				PRODUCT_NAME = "$(TARGET_NAME)";
				TARGETED_DEVICE_FAMILY = 1;
			};
			name = Debug;
		};
		55C5680F21466D8900DAEB80 /* Release */ = {
			isa = XCBuildConfiguration;
			buildSettings = {
				ASSETCATALOG_COMPILER_APPICON_NAME = AppIcon;
				CODE_SIGN_STYLE = Automatic;
				DEVELOPMENT_TEAM = QYPBX3MSBY;
				INFOPLIST_FILE = Test/Info.plist;
				IPHONEOS_DEPLOYMENT_TARGET = 11.0;
				LD_RUNPATH_SEARCH_PATHS = (
					"$(inherited)",
					"@executable_path/Frameworks",
				);
				PRODUCT_BUNDLE_IDENTIFIER = cmb2.Test2;
				PRODUCT_NAME = "$(TARGET_NAME)";
				TARGETED_DEVICE_FAMILY = 1;
			};
			name = Release;
		};
		55C5681121466D8900DAEB80 /* Debug */ = {
			isa = XCBuildConfiguration;
			buildSettings = {
				BUNDLE_LOADER = "$(TEST_HOST)";
				CODE_SIGN_STYLE = Automatic;
				DEVELOPMENT_TEAM = QYPBX3MSBY;
				INFOPLIST_FILE = TestTests/Info.plist;
				LD_RUNPATH_SEARCH_PATHS = (
					"$(inherited)",
					"@executable_path/Frameworks",
					"@loader_path/Frameworks",
				);
				PRODUCT_BUNDLE_IDENTIFIER = cmb.TestTests;
				PRODUCT_NAME = "$(TARGET_NAME)";
				TARGETED_DEVICE_FAMILY = "1,2";
				TEST_HOST = "$(BUILT_PRODUCTS_DIR)/Test.app/Test";
			};
			name = Debug;
		};
		55C5681221466D8900DAEB80 /* Release */ = {
			isa = XCBuildConfiguration;
			buildSettings = {
				BUNDLE_LOADER = "$(TEST_HOST)";
				CODE_SIGN_STYLE = Automatic;
				DEVELOPMENT_TEAM = QYPBX3MSBY;
				INFOPLIST_FILE = TestTests/Info.plist;
				LD_RUNPATH_SEARCH_PATHS = (
					"$(inherited)",
					"@executable_path/Frameworks",
					"@loader_path/Frameworks",
				);
				PRODUCT_BUNDLE_IDENTIFIER = cmb.TestTests;
				PRODUCT_NAME = "$(TARGET_NAME)";
				TARGETED_DEVICE_FAMILY = "1,2";
				TEST_HOST = "$(BUILT_PRODUCTS_DIR)/Test.app/Test";
			};
			name = Release;
		};
		55C5681421466D8900DAEB80 /* Debug */ = {
			isa = XCBuildConfiguration;
			buildSettings = {
				CODE_SIGN_STYLE = Automatic;
				DEVELOPMENT_TEAM = QYPBX3MSBY;
				INFOPLIST_FILE = TestUITests/Info.plist;
				LD_RUNPATH_SEARCH_PATHS = (
					"$(inherited)",
					"@executable_path/Frameworks",
					"@loader_path/Frameworks",
				);
				PRODUCT_BUNDLE_IDENTIFIER = cmb.TestUITests;
				PRODUCT_NAME = "$(TARGET_NAME)";
				TARGETED_DEVICE_FAMILY = "1,2";
				TEST_TARGET_NAME = Test;
			};
			name = Debug;
		};
		55C5681521466D8900DAEB80 /* Release */ = {
			isa = XCBuildConfiguration;
			buildSettings = {
				CODE_SIGN_STYLE = Automatic;
				DEVELOPMENT_TEAM = QYPBX3MSBY;
				INFOPLIST_FILE = TestUITests/Info.plist;
				LD_RUNPATH_SEARCH_PATHS = (
					"$(inherited)",
					"@executable_path/Frameworks",
					"@loader_path/Frameworks",
				);
				PRODUCT_BUNDLE_IDENTIFIER = cmb.TestUITests;
				PRODUCT_NAME = "$(TARGET_NAME)";
				TARGETED_DEVICE_FAMILY = "1,2";
				TEST_TARGET_NAME = Test;
			};
			name = Release;
		};
/* End XCBuildConfiguration section */

/* Begin XCConfigurationList section */
		55C567DC21466D8800DAEB80 /* Build configuration list for PBXProject "Test" */ = {
			isa = XCConfigurationList;
			buildConfigurations = (
				55C5680B21466D8900DAEB80 /* Debug */,
				55C5680C21466D8900DAEB80 /* Release */,
			);
			defaultConfigurationIsVisible = 0;
			defaultConfigurationName = Release;
		};
		55C5680D21466D8900DAEB80 /* Build configuration list for PBXNativeTarget "Test" */ = {
			isa = XCConfigurationList;
			buildConfigurations = (
				55C5680E21466D8900DAEB80 /* Debug */,
				55C5680F21466D8900DAEB80 /* Release */,
			);
			defaultConfigurationIsVisible = 0;
			defaultConfigurationName = Release;
		};
		55C5681021466D8900DAEB80 /* Build configuration list for PBXNativeTarget "TestTests" */ = {
			isa = XCConfigurationList;
			buildConfigurations = (
				55C5681121466D8900DAEB80 /* Debug */,
				55C5681221466D8900DAEB80 /* Release */,
			);
			defaultConfigurationIsVisible = 0;
			defaultConfigurationName = Release;
		};
		55C5681321466D8900DAEB80 /* Build configuration list for PBXNativeTarget "TestUITests" */ = {
			isa = XCConfigurationList;
			buildConfigurations = (
				55C5681421466D8900DAEB80 /* Debug */,
				55C5681521466D8900DAEB80 /* Release */,
			);
			defaultConfigurationIsVisible = 0;
			defaultConfigurationName = Release;
		};
/* End XCConfigurationList section */
	};
	rootObject = 55C567D921466D8800DAEB80 /* Project object */;
}
